
Microsoft Visual Studio Solution File, Format Version 12.00
# Visual Studio 15
VisualStudioVersion = 15.0.27703.2042
MinimumVisualStudioVersion = 10.0.40219.1
Project("{9A19103F-16F7-4668-BE54-9A1E7A4F7556}") = "KnocoutDemo", "KnocoutDemo.csproj", "{8B97530A-6052-4C1E-9025-9F2C65A31C36}"
EndProject
Global
	GlobalSection(SolutionConfigurationPlatforms) = preSolution
		Debug|Any CPU = Debug|Any CPU
		Release|Any CPU = Release|Any CPU
	EndGlobalSection
	GlobalSection(ProjectConfigurationPlatforms) = postSolution
		{8B97530A-6052-4C1E-9025-9F2C65A31C36}.Debug|Any CPU.ActiveCfg = Debug|Any CPU
		{8B97530A-6052-4C1E-9025-9F2C65A31C36}.Debug|Any CPU.Build.0 = Debug|Any CPU
		{8B97530A-6052-4C1E-9025-9F2C65A31C36}.Release|Any CPU.ActiveCfg = Release|Any CPU
		{8B97530A-6052-4C1E-9025-9F2C65A31C36}.Release|Any CPU.Build.0 = Release|Any CPU
	EndGlobalSection
	GlobalSection(SolutionProperties) = preSolution
		HideSolutionNode = FALSE
	EndGlobalSection
	GlobalSection(ExtensibilityGlobals) = postSolution
		SolutionGuid = {261A03B1-DDCD-484A-8425-FA26610A3CE2}
	EndGlobalSection
EndGlobal
